
Microsoft Visual Studio Solution File, Format Version 12.00
# Visual Studio Version 16
VisualStudioVersion = 16.0.29609.76
MinimumVisualStudioVersion = 10.0.40219.1
Project("{FAE04EC0-301F-11D3-BF4B-00C04F79EFBC}") = "PureFreak.ObjectMapper", "PureFreak.ObjectMapper\PureFreak.ObjectMapper.csproj", "{80BC82B1-114E-4993-8158-9CC055F6FCDD}"
EndProject
Project("{FAE04EC0-301F-11D3-BF4B-00C04F79EFBC}") = "PureFreak.ObjectMapper.Tests", "PureFreak.ObjectMapper.Tests\PureFreak.ObjectMapper.Tests.csproj", "{F8D52B63-523E-4775-8340-18E62A2E282F}"
EndProject
Global
	GlobalSection(SolutionConfigurationPlatforms) = preSolution
		Debug|Any CPU = Debug|Any CPU
		Release|Any CPU = Release|Any CPU
	EndGlobalSection
	GlobalSection(ProjectConfigurationPlatforms) = postSolution
		{80BC82B1-114E-4993-8158-9CC055F6FCDD}.Debug|Any CPU.ActiveCfg = Debug|Any CPU
		{80BC82B1-114E-4993-8158-9CC055F6FCDD}.Debug|Any CPU.Build.0 = Debug|Any CPU
		{80BC82B1-114E-4993-8158-9CC055F6FCDD}.Release|Any CPU.ActiveCfg = Release|Any CPU
		{80BC82B1-114E-4993-8158-9CC055F6FCDD}.Release|Any CPU.Build.0 = Release|Any CPU
		{F8D52B63-523E-4775-8340-18E62A2E282F}.Debug|Any CPU.ActiveCfg = Debug|Any CPU
		{F8D52B63-523E-4775-8340-18E62A2E282F}.Debug|Any CPU.Build.0 = Debug|Any CPU
		{F8D52B63-523E-4775-8340-18E62A2E282F}.Release|Any CPU.ActiveCfg = Release|Any CPU
		{F8D52B63-523E-4775-8340-18E62A2E282F}.Release|Any CPU.Build.0 = Release|Any CPU
	EndGlobalSection
	GlobalSection(SolutionProperties) = preSolution
		HideSolutionNode = FALSE
	EndGlobalSection
	GlobalSection(ExtensibilityGlobals) = postSolution
		SolutionGuid = {8C279F79-007E-4D94-951E-B965B54F788E}
	EndGlobalSection
EndGlobal
